<?xml version="1.0" encoding="utf-8"?>
<Project ToolsVersion="14.0" xmlns="http://schemas.microsoft.com/developer/msbuild/2003">
  <ItemGroup>
    <Filter Include="Resources">
      <UniqueIdentifier>289e6ff1-8839-41c7-b4be-272c1046c3fb</UniqueIdentifier>
      <Extensions>rc;ico;cur;bmp;dlg;rc2;rct;bin;rgs;gif;jpg;jpeg;jpe;resx;tga;tiff;tif;png;wav;mfcribbon-ms</Extensions>
    </Filter>
    <Filter Include="corvis">
      <UniqueIdentifier>{68bf447c-2fe9-4d05-bcc7-6971602c1ec1}</UniqueIdentifier>
    </Filter>
  </ItemGroup>
  <ItemGroup>
    <ClCompile Include="pch.cpp" />
    <ClCompile Include="IMUManager.cpp" />
    <ClCompile Include="LocationManager.cpp" />
    <ClCompile Include="VideoManager.cpp" />
    <ClCompile Include="CaptureManager.cpp" />
    <ClCompile Include="Debug.cpp" />
    <ClCompile Include="..\..\..\corvis\src\filter\capture.cpp">
      <Filter>corvis</Filter>
    </ClCompile>
    <ClCompile Include="..\..\..\corvis\src\cor\sensor_fusion_queue.cpp">
      <Filter>corvis</Filter>
    </ClCompile>
    <ClCompile Include="..\..\..\corvis\src\cor\platform\win\sensor_clock.cpp">
      <Filter>corvis</Filter>
    </ClCompile>
    <ClCompile Include="..\..\..\corvis\src\cor\platform\win\sensor_data.cpp">
      <Filter>corvis</Filter>
    </ClCompile>
  </ItemGroup>
  <ItemGroup>
    <ClInclude Include="pch.h" />
    <ClInclude Include="Debug.h" />
    <ClInclude Include="IMUManager.h" />
    <ClInclude Include="LocationManager.h" />
    <ClInclude Include="VideoManager.h" />
    <ClInclude Include="CaptureManager.h" />
    <ClInclude Include="..\..\..\corvis\src\filter\capture.h">
      <Filter>corvis</Filter>
    </ClInclude>
    <ClInclude Include="..\..\..\corvis\src\cor\sensor_fusion_queue.h">
      <Filter>corvis</Filter>
    </ClInclude>
    <ClInclude Include="..\..\..\corvis\src\cor\platform\sensor_clock.h">
      <Filter>corvis</Filter>
    </ClInclude>
    <ClInclude Include="..\..\..\corvis\src\cor\platform\sensor_data.h">
      <Filter>corvis</Filter>
    </ClInclude>
  </ItemGroup>
</Project>